
Microsoft Visual Studio Solution File, Format Version 12.00
# Visual Studio Version 17
VisualStudioVersion = 17.11.35222.181
MinimumVisualStudioVersion = 10.0.40219.1
Project("{FAE04EC0-301F-11D3-BF4B-00C04F79EFBC}") = "Course Project", "Course Project\Course Project.csproj", "{14AA744D-5E54-4A99-8B76-787D591E6386}"
EndProject
Global
	GlobalSection(SolutionConfigurationPlatforms) = preSolution
		Debug|Any CPU = Debug|Any CPU
		Release|Any CPU = Release|Any CPU
	EndGlobalSection
	GlobalSection(ProjectConfigurationPlatforms) = postSolution
		{14AA744D-5E54-4A99-8B76-787D591E6386}.Debug|Any CPU.ActiveCfg = Debug|Any CPU
		{14AA744D-5E54-4A99-8B76-787D591E6386}.Debug|Any CPU.Build.0 = Debug|Any CPU
		{14AA744D-5E54-4A99-8B76-787D591E6386}.Release|Any CPU.ActiveCfg = Release|Any CPU
		{14AA744D-5E54-4A99-8B76-787D591E6386}.Release|Any CPU.Build.0 = Release|Any CPU
	EndGlobalSection
	GlobalSection(SolutionProperties) = preSolution
		HideSolutionNode = FALSE
	EndGlobalSection
	GlobalSection(ExtensibilityGlobals) = postSolution
		SolutionGuid = {1879CF3E-7E79-4C14-8A09-F7857C29CB8C}
	EndGlobalSection
EndGlobal
